// !$*UTF8*$!
{
	archiveVersion = 1;
	classes = {
	};
	objectVersion = 50;
	objects = {

/* Begin PBXBuildFile section */
		C7D0031121C5E3C200B99618 /* AppDelegate.swift in Sources */ = {isa = PBXBuildFile; fileRef = C7D0031021C5E3C200B99618 /* AppDelegate.swift */; };
		C7D0031821C5E3C300B99618 /* Assets.xcassets in Resources */ = {isa = PBXBuildFile; fileRef = C7D0031721C5E3C300B99618 /* Assets.xcassets */; };
		C7D0031B21C5E3C300B99618 /* LaunchScreen.storyboard in Resources */ = {isa = PBXBuildFile; fileRef = C7D0031921C5E3C300B99618 /* LaunchScreen.storyboard */; };
		C7D0032621C5E3C300B99618 /* HoppyTests.swift in Sources */ = {isa = PBXBuildFile; fileRef = C7D0032521C5E3C300B99618 /* HoppyTests.swift */; };
		C7D0033121C5E42600B99618 /* BeerListCoordinator.swift in Sources */ = {isa = PBXBuildFile; fileRef = C7D0033021C5E42600B99618 /* BeerListCoordinator.swift */; };
		C7D0033921C5E74900B99618 /* HOPBeerDetailViewController.m in Sources */ = {isa = PBXBuildFile; fileRef = C7D0033721C5E74900B99618 /* HOPBeerDetailViewController.m */; };
		C7D0033E21C5E89000B99618 /* BeerListViewController.swift in Sources */ = {isa = PBXBuildFile; fileRef = C7D0033D21C5E89000B99618 /* BeerListViewController.swift */; };
		C7D0034021C5E94600B99618 /* Beer.swift in Sources */ = {isa = PBXBuildFile; fileRef = C7D0033F21C5E94600B99618 /* Beer.swift */; };
		C7D0034221C5EA6B00B99618 /* Service.swift in Sources */ = {isa = PBXBuildFile; fileRef = C7D0034121C5EA6B00B99618 /* Service.swift */; };
		C7D0034421C5EE4300B99618 /* README.md in Resources */ = {isa = PBXBuildFile; fileRef = C7D0034321C5EE4300B99618 /* README.md */; };
		C7D0034621C7053700B99618 /* CaseIterable+UITableView.swift in Sources */ = {isa = PBXBuildFile; fileRef = C7D0034521C7053700B99618 /* CaseIterable+UITableView.swift */; };
		C7D0034C21C7167200B99618 /* Network.swift in Sources */ = {isa = PBXBuildFile; fileRef = C7D0034B21C7167200B99618 /* Network.swift */; };
		C7D0035121C8BED800B99618 /* LoadingTableViewCell.swift in Sources */ = {isa = PBXBuildFile; fileRef = C7D0034F21C8BED800B99618 /* LoadingTableViewCell.swift */; };
		C7D0035221C8BED800B99618 /* LoadingTableViewCell.xib in Resources */ = {isa = PBXBuildFile; fileRef = C7D0035021C8BED800B99618 /* LoadingTableViewCell.xib */; };
		C7D0035521C8BF0700B99618 /* BeerListTableViewCell.swift in Sources */ = {isa = PBXBuildFile; fileRef = C7D0035321C8BF0700B99618 /* BeerListTableViewCell.swift */; };
		C7D0035621C8BF0700B99618 /* BeerListTableViewCell.xib in Resources */ = {isa = PBXBuildFile; fileRef = C7D0035421C8BF0700B99618 /* BeerListTableViewCell.xib */; };
		C7D0035D21C9FA8100B99618 /* HOPBeerDetailView.m in Sources */ = {isa = PBXBuildFile; fileRef = C7D0035C21C9FA8100B99618 /* HOPBeerDetailView.m */; };
		C7D0035F21CB583900B99618 /* UIImageView+URLLoading.swift in Sources */ = {isa = PBXBuildFile; fileRef = C7D0035E21CB583900B99618 /* UIImageView+URLLoading.swift */; };
		C7D0036121CB7AE000B99618 /* BeerDisplayable.swift in Sources */ = {isa = PBXBuildFile; fileRef = C7D0036021CB7AE000B99618 /* BeerDisplayable.swift */; };
		C7D0036321CB7B0C00B99618 /* BeerSearch.swift in Sources */ = {isa = PBXBuildFile; fileRef = C7D0036221CB7B0C00B99618 /* BeerSearch.swift */; };
		C7D0036521CB7B5400B99618 /* BeerUpdater.swift in Sources */ = {isa = PBXBuildFile; fileRef = C7D0036421CB7B5400B99618 /* BeerUpdater.swift */; };
		D7017E370F6AD43811F45A80 /* Pods_Hoppy.framework in Frameworks */ = {isa = PBXBuildFile; fileRef = 1117DF42E89FA64B0C52AF0D /* Pods_Hoppy.framework */; };
/* End PBXBuildFile section */

/* Begin PBXContainerItemProxy section */
		C7D0032221C5E3C300B99618 /* PBXContainerItemProxy */ = {
			isa = PBXContainerItemProxy;
			containerPortal = C7D0030521C5E3C200B99618 /* Project object */;
			proxyType = 1;
			remoteGlobalIDString = C7D0030C21C5E3C200B99618;
			remoteInfo = Hoppy;
		};
/* End PBXContainerItemProxy section */

/* Begin PBXFileReference section */
		1117DF42E89FA64B0C52AF0D /* Pods_Hoppy.framework */ = {isa = PBXFileReference; explicitFileType = wrapper.framework; includeInIndex = 0; path = Pods_Hoppy.framework; sourceTree = BUILT_PRODUCTS_DIR; };
		17E1C63D1D53B62F89A76507 /* Pods-Hoppy.release.xcconfig */ = {isa = PBXFileReference; includeInIndex = 1; lastKnownFileType = text.xcconfig; name = "Pods-Hoppy.release.xcconfig"; path = "Pods/Target Support Files/Pods-Hoppy/Pods-Hoppy.release.xcconfig"; sourceTree = "<group>"; };
		67E8044341981196CC7C4B0A /* Pods-Hoppy.debug.xcconfig */ = {isa = PBXFileReference; includeInIndex = 1; lastKnownFileType = text.xcconfig; name = "Pods-Hoppy.debug.xcconfig"; path = "Pods/Target Support Files/Pods-Hoppy/Pods-Hoppy.debug.xcconfig"; sourceTree = "<group>"; };
		C7D0030D21C5E3C200B99618 /* Hoppy.app */ = {isa = PBXFileReference; explicitFileType = wrapper.application; includeInIndex = 0; path = Hoppy.app; sourceTree = BUILT_PRODUCTS_DIR; };
		C7D0031021C5E3C200B99618 /* AppDelegate.swift */ = {isa = PBXFileReference; lastKnownFileType = sourcecode.swift; path = AppDelegate.swift; sourceTree = "<group>"; };
		C7D0031721C5E3C300B99618 /* Assets.xcassets */ = {isa = PBXFileReference; lastKnownFileType = folder.assetcatalog; path = Assets.xcassets; sourceTree = "<group>"; };
		C7D0031A21C5E3C300B99618 /* Base */ = {isa = PBXFileReference; lastKnownFileType = file.storyboard; name = Base; path = Base.lproj/LaunchScreen.storyboard; sourceTree = "<group>"; };
		C7D0031C21C5E3C300B99618 /* Info.plist */ = {isa = PBXFileReference; lastKnownFileType = text.plist.xml; path = Info.plist; sourceTree = "<group>"; };
		C7D0032121C5E3C300B99618 /* HoppyTests.xctest */ = {isa = PBXFileReference; explicitFileType = wrapper.cfbundle; includeInIndex = 0; path = HoppyTests.xctest; sourceTree = BUILT_PRODUCTS_DIR; };
		C7D0032521C5E3C300B99618 /* HoppyTests.swift */ = {isa = PBXFileReference; lastKnownFileType = sourcecode.swift; path = HoppyTests.swift; sourceTree = "<group>"; };
		C7D0032721C5E3C300B99618 /* Info.plist */ = {isa = PBXFileReference; lastKnownFileType = text.plist.xml; path = Info.plist; sourceTree = "<group>"; };
		C7D0033021C5E42600B99618 /* BeerListCoordinator.swift */ = {isa = PBXFileReference; lastKnownFileType = sourcecode.swift; path = BeerListCoordinator.swift; sourceTree = "<group>"; };
		C7D0033521C5E74800B99618 /* Hoppy-Bridging-Header.h */ = {isa = PBXFileReference; lastKnownFileType = sourcecode.c.h; path = "Hoppy-Bridging-Header.h"; sourceTree = "<group>"; };
		C7D0033621C5E74900B99618 /* HOPBeerDetailViewController.h */ = {isa = PBXFileReference; lastKnownFileType = sourcecode.c.h; path = HOPBeerDetailViewController.h; sourceTree = "<group>"; };
		C7D0033721C5E74900B99618 /* HOPBeerDetailViewController.m */ = {isa = PBXFileReference; lastKnownFileType = sourcecode.c.objc; path = HOPBeerDetailViewController.m; sourceTree = "<group>"; };
		C7D0033D21C5E89000B99618 /* BeerListViewController.swift */ = {isa = PBXFileReference; lastKnownFileType = sourcecode.swift; path = BeerListViewController.swift; sourceTree = "<group>"; };
		C7D0033F21C5E94600B99618 /* Beer.swift */ = {isa = PBXFileReference; lastKnownFileType = sourcecode.swift; path = Beer.swift; sourceTree = "<group>"; };
		C7D0034121C5EA6B00B99618 /* Service.swift */ = {isa = PBXFileReference; lastKnownFileType = sourcecode.swift; path = Service.swift; sourceTree = "<group>"; };
		C7D0034321C5EE4300B99618 /* README.md */ = {isa = PBXFileReference; fileEncoding = 4; lastKnownFileType = net.daringfireball.markdown; path = README.md; sourceTree = "<group>"; };
		C7D0034521C7053700B99618 /* CaseIterable+UITableView.swift */ = {isa = PBXFileReference; lastKnownFileType = sourcecode.swift; path = "CaseIterable+UITableView.swift"; sourceTree = "<group>"; };
		C7D0034B21C7167200B99618 /* Network.swift */ = {isa = PBXFileReference; lastKnownFileType = sourcecode.swift; path = Network.swift; sourceTree = "<group>"; };
		C7D0034F21C8BED800B99618 /* LoadingTableViewCell.swift */ = {isa = PBXFileReference; lastKnownFileType = sourcecode.swift; path = LoadingTableViewCell.swift; sourceTree = "<group>"; };
		C7D0035021C8BED800B99618 /* LoadingTableViewCell.xib */ = {isa = PBXFileReference; lastKnownFileType = file.xib; path = LoadingTableViewCell.xib; sourceTree = "<group>"; };
		C7D0035321C8BF0700B99618 /* BeerListTableViewCell.swift */ = {isa = PBXFileReference; lastKnownFileType = sourcecode.swift; path = BeerListTableViewCell.swift; sourceTree = "<group>"; };
		C7D0035421C8BF0700B99618 /* BeerListTableViewCell.xib */ = {isa = PBXFileReference; lastKnownFileType = file.xib; path = BeerListTableViewCell.xib; sourceTree = "<group>"; };
		C7D0035B21C9FA8100B99618 /* HOPBeerDetailView.h */ = {isa = PBXFileReference; lastKnownFileType = sourcecode.c.h; path = HOPBeerDetailView.h; sourceTree = "<group>"; };
		C7D0035C21C9FA8100B99618 /* HOPBeerDetailView.m */ = {isa = PBXFileReference; lastKnownFileType = sourcecode.c.objc; path = HOPBeerDetailView.m; sourceTree = "<group>"; };
		C7D0035E21CB583900B99618 /* UIImageView+URLLoading.swift */ = {isa = PBXFileReference; lastKnownFileType = sourcecode.swift; path = "UIImageView+URLLoading.swift"; sourceTree = "<group>"; };
		C7D0036021CB7AE000B99618 /* BeerDisplayable.swift */ = {isa = PBXFileReference; lastKnownFileType = sourcecode.swift; path = BeerDisplayable.swift; sourceTree = "<group>"; };
		C7D0036221CB7B0C00B99618 /* BeerSearch.swift */ = {isa = PBXFileReference; lastKnownFileType = sourcecode.swift; path = BeerSearch.swift; sourceTree = "<group>"; };
		C7D0036421CB7B5400B99618 /* BeerUpdater.swift */ = {isa = PBXFileReference; lastKnownFileType = sourcecode.swift; path = BeerUpdater.swift; sourceTree = "<group>"; };
/* End PBXFileReference section */

/* Begin PBXFrameworksBuildPhase section */
		C7D0030A21C5E3C200B99618 /* Frameworks */ = {
			isa = PBXFrameworksBuildPhase;
			buildActionMask = 2147483647;
			files = (
				D7017E370F6AD43811F45A80 /* Pods_Hoppy.framework in Frameworks */,
			);
			runOnlyForDeploymentPostprocessing = 0;
		};
		C7D0031E21C5E3C300B99618 /* Frameworks */ = {
			isa = PBXFrameworksBuildPhase;
			buildActionMask = 2147483647;
			files = (
			);
			runOnlyForDeploymentPostprocessing = 0;
		};
/* End PBXFrameworksBuildPhase section */

/* Begin PBXGroup section */
		B8A8936F299588DDB31973A4 /* Pods */ = {
			isa = PBXGroup;
			children = (
				67E8044341981196CC7C4B0A /* Pods-Hoppy.debug.xcconfig */,
				17E1C63D1D53B62F89A76507 /* Pods-Hoppy.release.xcconfig */,
			);
			name = Pods;
			sourceTree = "<group>";
		};
		C7D0030421C5E3C200B99618 = {
			isa = PBXGroup;
			children = (
				C7D0030F21C5E3C200B99618 /* Hoppy */,
				C7D0032421C5E3C300B99618 /* HoppyTests */,
				C7D0030E21C5E3C200B99618 /* Products */,
				C7D0034321C5EE4300B99618 /* README.md */,
				B8A8936F299588DDB31973A4 /* Pods */,
				F92385B49F2EF13AD9D499E0 /* Frameworks */,
			);
			sourceTree = "<group>";
		};
		C7D0030E21C5E3C200B99618 /* Products */ = {
			isa = PBXGroup;
			children = (
				C7D0030D21C5E3C200B99618 /* Hoppy.app */,
				C7D0032121C5E3C300B99618 /* HoppyTests.xctest */,
			);
			name = Products;
			sourceTree = "<group>";
		};
		C7D0030F21C5E3C200B99618 /* Hoppy */ = {
			isa = PBXGroup;
			children = (
				C7D0031021C5E3C200B99618 /* AppDelegate.swift */,
				C7D0033021C5E42600B99618 /* BeerListCoordinator.swift */,
				C7D0033321C5E4BE00B99618 /* ViewControllers */,
				C7D0033421C5E4EE00B99618 /* Models */,
				C7D0034821C706B600B99618 /* Views */,
				C7D0036621CB7B7F00B99618 /* ServiceLayer */,
				C7D0033221C5E4A900B99618 /* NetworkLayer */,
				C7D0034721C7069200B99618 /* Utilities */,
				C7D0031721C5E3C300B99618 /* Assets.xcassets */,
				C7D0031921C5E3C300B99618 /* LaunchScreen.storyboard */,
				C7D0031C21C5E3C300B99618 /* Info.plist */,
				C7D0033521C5E74800B99618 /* Hoppy-Bridging-Header.h */,
			);
			path = Hoppy;
			sourceTree = "<group>";
		};
		C7D0032421C5E3C300B99618 /* HoppyTests */ = {
			isa = PBXGroup;
			children = (
				C7D0032521C5E3C300B99618 /* HoppyTests.swift */,
				C7D0032721C5E3C300B99618 /* Info.plist */,
			);
			path = HoppyTests;
			sourceTree = "<group>";
		};
		C7D0033221C5E4A900B99618 /* NetworkLayer */ = {
			isa = PBXGroup;
			children = (
				C7D0034B21C7167200B99618 /* Network.swift */,
			);
			path = NetworkLayer;
			sourceTree = "<group>";
		};
		C7D0033321C5E4BE00B99618 /* ViewControllers */ = {
			isa = PBXGroup;
			children = (
				C7D0033C21C5E83A00B99618 /* BeerListViewController */,
				C7D0033B21C5E76A00B99618 /* BeerDetailViewController */,
			);
			path = ViewControllers;
			sourceTree = "<group>";
		};
		C7D0033421C5E4EE00B99618 /* Models */ = {
			isa = PBXGroup;
			children = (
				C7D0033F21C5E94600B99618 /* Beer.swift */,
			);
			path = Models;
			sourceTree = "<group>";
		};
		C7D0033B21C5E76A00B99618 /* BeerDetailViewController */ = {
			isa = PBXGroup;
			children = (
				C7D0033621C5E74900B99618 /* HOPBeerDetailViewController.h */,
				C7D0033721C5E74900B99618 /* HOPBeerDetailViewController.m */,
				C7D0035B21C9FA8100B99618 /* HOPBeerDetailView.h */,
				C7D0035C21C9FA8100B99618 /* HOPBeerDetailView.m */,
			);
			path = BeerDetailViewController;
			sourceTree = "<group>";
		};
		C7D0033C21C5E83A00B99618 /* BeerListViewController */ = {
			isa = PBXGroup;
			children = (
				C7D0033D21C5E89000B99618 /* BeerListViewController.swift */,
			);
			path = BeerListViewController;
			sourceTree = "<group>";
		};
		C7D0034721C7069200B99618 /* Utilities */ = {
			isa = PBXGroup;
			children = (
				C7D0035E21CB583900B99618 /* UIImageView+URLLoading.swift */,
				C7D0034521C7053700B99618 /* CaseIterable+UITableView.swift */,
			);
			path = Utilities;
			sourceTree = "<group>";
		};
		C7D0034821C706B600B99618 /* Views */ = {
			isa = PBXGroup;
			children = (
				C7D0034F21C8BED800B99618 /* LoadingTableViewCell.swift */,
				C7D0035021C8BED800B99618 /* LoadingTableViewCell.xib */,
				C7D0035321C8BF0700B99618 /* BeerListTableViewCell.swift */,
				C7D0035421C8BF0700B99618 /* BeerListTableViewCell.xib */,
			);
			path = Views;
			sourceTree = "<group>";
		};
		C7D0036621CB7B7F00B99618 /* ServiceLayer */ = {
			isa = PBXGroup;
			children = (
				C7D0034121C5EA6B00B99618 /* Service.swift */,
				C7D0036021CB7AE000B99618 /* BeerDisplayable.swift */,
				C7D0036221CB7B0C00B99618 /* BeerSearch.swift */,
				C7D0036421CB7B5400B99618 /* BeerUpdater.swift */,
			);
			path = ServiceLayer;
			sourceTree = "<group>";
		};
		F92385B49F2EF13AD9D499E0 /* Frameworks */ = {
			isa = PBXGroup;
			children = (
				1117DF42E89FA64B0C52AF0D /* Pods_Hoppy.framework */,
			);
			name = Frameworks;
			sourceTree = "<group>";
		};
/* End PBXGroup section */

/* Begin PBXNativeTarget section */
		C7D0030C21C5E3C200B99618 /* Hoppy */ = {
			isa = PBXNativeTarget;
			buildConfigurationList = C7D0032A21C5E3C300B99618 /* Build configuration list for PBXNativeTarget "Hoppy" */;
			buildPhases = (
				0223F4237BAD351B1CC6E15D /* [CP] Check Pods Manifest.lock */,
				C7D0030921C5E3C200B99618 /* Sources */,
				C7D0030A21C5E3C200B99618 /* Frameworks */,
				C7D0030B21C5E3C200B99618 /* Resources */,
				D29FCE5DD0F8E8254E26915A /* [CP] Embed Pods Frameworks */,
				7490530756859105689EB516 /* [CP] Copy Pods Resources */,
			);
			buildRules = (
			);
			dependencies = (
			);
			name = Hoppy;
			productName = Hoppy;
			productReference = C7D0030D21C5E3C200B99618 /* Hoppy.app */;
			productType = "com.apple.product-type.application";
		};
		C7D0032021C5E3C300B99618 /* HoppyTests */ = {
			isa = PBXNativeTarget;
			buildConfigurationList = C7D0032D21C5E3C300B99618 /* Build configuration list for PBXNativeTarget "HoppyTests" */;
			buildPhases = (
				C7D0031D21C5E3C300B99618 /* Sources */,
				C7D0031E21C5E3C300B99618 /* Frameworks */,
				C7D0031F21C5E3C300B99618 /* Resources */,
			);
			buildRules = (
			);
			dependencies = (
				C7D0032321C5E3C300B99618 /* PBXTargetDependency */,
			);
			name = HoppyTests;
			productName = HoppyTests;
			productReference = C7D0032121C5E3C300B99618 /* HoppyTests.xctest */;
			productType = "com.apple.product-type.bundle.unit-test";
		};
/* End PBXNativeTarget section */

/* Begin PBXProject section */
		C7D0030521C5E3C200B99618 /* Project object */ = {
			isa = PBXProject;
			attributes = {
				LastSwiftUpdateCheck = 1010;
				LastUpgradeCheck = 1010;
				ORGANIZATIONNAME = "Kelly Huberty";
				TargetAttributes = {
					C7D0030C21C5E3C200B99618 = {
						CreatedOnToolsVersion = 10.1;
						LastSwiftMigration = 1010;
					};
					C7D0032021C5E3C300B99618 = {
						CreatedOnToolsVersion = 10.1;
						TestTargetID = C7D0030C21C5E3C200B99618;
					};
				};
			};
			buildConfigurationList = C7D0030821C5E3C200B99618 /* Build configuration list for PBXProject "Hoppy" */;
			compatibilityVersion = "Xcode 9.3";
			developmentRegion = en;
			hasScannedForEncodings = 0;
			knownRegions = (
				en,
				Base,
			);
			mainGroup = C7D0030421C5E3C200B99618;
			productRefGroup = C7D0030E21C5E3C200B99618 /* Products */;
			projectDirPath = "";
			projectRoot = "";
			targets = (
				C7D0030C21C5E3C200B99618 /* Hoppy */,
				C7D0032021C5E3C300B99618 /* HoppyTests */,
			);
		};
/* End PBXProject section */

/* Begin PBXResourcesBuildPhase section */
		C7D0030B21C5E3C200B99618 /* Resources */ = {
			isa = PBXResourcesBuildPhase;
			buildActionMask = 2147483647;
			files = (
				C7D0031B21C5E3C300B99618 /* LaunchScreen.storyboard in Resources */,
				C7D0031821C5E3C300B99618 /* Assets.xcassets in Resources */,
				C7D0034421C5EE4300B99618 /* README.md in Resources */,
				C7D0035221C8BED800B99618 /* LoadingTableViewCell.xib in Resources */,
				C7D0035621C8BF0700B99618 /* BeerListTableViewCell.xib in Resources */,
			);
			runOnlyForDeploymentPostprocessing = 0;
		};
		C7D0031F21C5E3C300B99618 /* Resources */ = {
			isa = PBXResourcesBuildPhase;
			buildActionMask = 2147483647;
			files = (
			);
			runOnlyForDeploymentPostprocessing = 0;
		};
/* End PBXResourcesBuildPhase section */

/* Begin PBXShellScriptBuildPhase section */
		0223F4237BAD351B1CC6E15D /* [CP] Check Pods Manifest.lock */ = {
			isa = PBXShellScriptBuildPhase;
			buildActionMask = 2147483647;
			files = (
			);
			inputPaths = (
				"${PODS_PODFILE_DIR_PATH}/Podfile.lock",
				"${PODS_ROOT}/Manifest.lock",
			);
			name = "[CP] Check Pods Manifest.lock";
			outputPaths = (
				"$(DERIVED_FILE_DIR)/Pods-Hoppy-checkManifestLockResult.txt",
			);
			runOnlyForDeploymentPostprocessing = 0;
			shellPath = /bin/sh;
			shellScript = "diff \"${PODS_PODFILE_DIR_PATH}/Podfile.lock\" \"${PODS_ROOT}/Manifest.lock\" > /dev/null\nif [ $? != 0 ] ; then\n    # print error to STDERR\n    echo \"error: The sandbox is not in sync with the Podfile.lock. Run 'pod install' or update your CocoaPods installation.\" >&2\n    exit 1\nfi\n# This output is used by Xcode 'outputs' to avoid re-running this script phase.\necho \"SUCCESS\" > \"${SCRIPT_OUTPUT_FILE_0}\"\n";
			showEnvVarsInLog = 0;
		};
		7490530756859105689EB516 /* [CP] Copy Pods Resources */ = {
			isa = PBXShellScriptBuildPhase;
			buildActionMask = 2147483647;
			files = (
			);
			inputPaths = (
			);
			name = "[CP] Copy Pods Resources";
			outputPaths = (
			);
			runOnlyForDeploymentPostprocessing = 0;
			shellPath = /bin/sh;
			shellScript = "\"${SRCROOT}/Pods/Target Support Files/Pods-Hoppy/Pods-Hoppy-resources.sh\"\n";
			showEnvVarsInLog = 0;
		};
		D29FCE5DD0F8E8254E26915A /* [CP] Embed Pods Frameworks */ = {
			isa = PBXShellScriptBuildPhase;
			buildActionMask = 2147483647;
			files = (
			);
			inputPaths = (
				"${SRCROOT}/Pods/Target Support Files/Pods-Hoppy/Pods-Hoppy-frameworks.sh",
				"${BUILT_PRODUCTS_DIR}/Alamofire/Alamofire.framework",
				"${BUILT_PRODUCTS_DIR}/Mockingjay/Mockingjay.framework",
				"${BUILT_PRODUCTS_DIR}/URITemplate/URITemplate.framework",
			);
			name = "[CP] Embed Pods Frameworks";
			outputPaths = (
				"${TARGET_BUILD_DIR}/${FRAMEWORKS_FOLDER_PATH}/Alamofire.framework",
				"${TARGET_BUILD_DIR}/${FRAMEWORKS_FOLDER_PATH}/Mockingjay.framework",
				"${TARGET_BUILD_DIR}/${FRAMEWORKS_FOLDER_PATH}/URITemplate.framework",
			);
			runOnlyForDeploymentPostprocessing = 0;
			shellPath = /bin/sh;
			shellScript = "\"${SRCROOT}/Pods/Target Support Files/Pods-Hoppy/Pods-Hoppy-frameworks.sh\"\n";
			showEnvVarsInLog = 0;
		};
/* End PBXShellScriptBuildPhase section */

/* Begin PBXSourcesBuildPhase section */
		C7D0030921C5E3C200B99618 /* Sources */ = {
			isa = PBXSourcesBuildPhase;
			buildActionMask = 2147483647;
			files = (
				C7D0035121C8BED800B99618 /* LoadingTableViewCell.swift in Sources */,
				C7D0036521CB7B5400B99618 /* BeerUpdater.swift in Sources */,
				C7D0035D21C9FA8100B99618 /* HOPBeerDetailView.m in Sources */,
				C7D0035521C8BF0700B99618 /* BeerListTableViewCell.swift in Sources */,
				C7D0036321CB7B0C00B99618 /* BeerSearch.swift in Sources */,
				C7D0035F21CB583900B99618 /* UIImageView+URLLoading.swift in Sources */,
				C7D0034621C7053700B99618 /* CaseIterable+UITableView.swift in Sources */,
				C7D0034021C5E94600B99618 /* Beer.swift in Sources */,
				C7D0034221C5EA6B00B99618 /* Service.swift in Sources */,
				C7D0036121CB7AE000B99618 /* BeerDisplayable.swift in Sources */,
				C7D0033121C5E42600B99618 /* BeerListCoordinator.swift in Sources */,
				C7D0034C21C7167200B99618 /* Network.swift in Sources */,
				C7D0033E21C5E89000B99618 /* BeerListViewController.swift in Sources */,
				C7D0033921C5E74900B99618 /* HOPBeerDetailViewController.m in Sources */,
				C7D0031121C5E3C200B99618 /* AppDelegate.swift in Sources */,
			);
			runOnlyForDeploymentPostprocessing = 0;
		};
		C7D0031D21C5E3C300B99618 /* Sources */ = {
			isa = PBXSourcesBuildPhase;
			buildActionMask = 2147483647;
			files = (
				C7D0032621C5E3C300B99618 /* HoppyTests.swift in Sources */,
			);
			runOnlyForDeploymentPostprocessing = 0;
		};
/* End PBXSourcesBuildPhase section */

/* Begin PBXTargetDependency section */
		C7D0032321C5E3C300B99618 /* PBXTargetDependency */ = {
			isa = PBXTargetDependency;
			target = C7D0030C21C5E3C200B99618 /* Hoppy */;
			targetProxy = C7D0032221C5E3C300B99618 /* PBXContainerItemProxy */;
		};
/* End PBXTargetDependency section */

/* Begin PBXVariantGroup section */
		C7D0031921C5E3C300B99618 /* LaunchScreen.storyboard */ = {
			isa = PBXVariantGroup;
			children = (
				C7D0031A21C5E3C300B99618 /* Base */,
			);
			name = LaunchScreen.storyboard;
			sourceTree = "<group>";
		};
/* End PBXVariantGroup section */

/* Begin XCBuildConfiguration section */
		C7D0032821C5E3C300B99618 /* Debug */ = {
			isa = XCBuildConfiguration;
			buildSettings = {
				ALWAYS_SEARCH_USER_PATHS = NO;
				CLANG_ANALYZER_NONNULL = YES;
				CLANG_ANALYZER_NUMBER_OBJECT_CONVERSION = YES_AGGRESSIVE;
				CLANG_CXX_LANGUAGE_STANDARD = "gnu++14";
				CLANG_CXX_LIBRARY = "libc++";
				CLANG_ENABLE_MODULES = YES;
				CLANG_ENABLE_OBJC_ARC = YES;
				CLANG_ENABLE_OBJC_WEAK = YES;
				CLANG_WARN_BLOCK_CAPTURE_AUTORELEASING = YES;
				CLANG_WARN_BOOL_CONVERSION = YES;
				CLANG_WARN_COMMA = YES;
				CLANG_WARN_CONSTANT_CONVERSION = YES;
				CLANG_WARN_DEPRECATED_OBJC_IMPLEMENTATIONS = YES;
				CLANG_WARN_DIRECT_OBJC_ISA_USAGE = YES_ERROR;
				CLANG_WARN_DOCUMENTATION_COMMENTS = YES;
				CLANG_WARN_EMPTY_BODY = YES;
				CLANG_WARN_ENUM_CONVERSION = YES;
				CLANG_WARN_INFINITE_RECURSION = YES;
				CLANG_WARN_INT_CONVERSION = YES;
				CLANG_WARN_NON_LITERAL_NULL_CONVERSION = YES;
				CLANG_WARN_OBJC_IMPLICIT_RETAIN_SELF = YES;
				CLANG_WARN_OBJC_LITERAL_CONVERSION = YES;
				CLANG_WARN_OBJC_ROOT_CLASS = YES_ERROR;
				CLANG_WARN_RANGE_LOOP_ANALYSIS = YES;
				CLANG_WARN_STRICT_PROTOTYPES = YES;
				CLANG_WARN_SUSPICIOUS_MOVE = YES;
				CLANG_WARN_UNGUARDED_AVAILABILITY = YES_AGGRESSIVE;
				CLANG_WARN_UNREACHABLE_CODE = YES;
				CLANG_WARN__DUPLICATE_METHOD_MATCH = YES;
				CODE_SIGN_IDENTITY = "iPhone Developer";
				COPY_PHASE_STRIP = NO;
				DEBUG_INFORMATION_FORMAT = dwarf;
				DEFINES_MODULE = YES;
				ENABLE_STRICT_OBJC_MSGSEND = YES;
				ENABLE_TESTABILITY = YES;
				GCC_C_LANGUAGE_STANDARD = gnu11;
				GCC_DYNAMIC_NO_PIC = NO;
				GCC_NO_COMMON_BLOCKS = YES;
				GCC_OPTIMIZATION_LEVEL = 0;
				GCC_PREPROCESSOR_DEFINITIONS = (
					"DEBUG=1",
					"$(inherited)",
				);
				GCC_WARN_64_TO_32_BIT_CONVERSION = YES;
				GCC_WARN_ABOUT_RETURN_TYPE = YES_ERROR;
				GCC_WARN_UNDECLARED_SELECTOR = YES;
				GCC_WARN_UNINITIALIZED_AUTOS = YES_AGGRESSIVE;
				GCC_WARN_UNUSED_FUNCTION = YES;
				GCC_WARN_UNUSED_VARIABLE = YES;
				IPHONEOS_DEPLOYMENT_TARGET = 12.1;
				MTL_ENABLE_DEBUG_INFO = INCLUDE_SOURCE;
				MTL_FAST_MATH = YES;
				ONLY_ACTIVE_ARCH = YES;
				SDKROOT = iphoneos;
				SWIFT_ACTIVE_COMPILATION_CONDITIONS = DEBUG;
				SWIFT_OPTIMIZATION_LEVEL = "-Onone";
			};
			name = Debug;
		};
		C7D0032921C5E3C300B99618 /* Release */ = {
			isa = XCBuildConfiguration;
			buildSettings = {
				ALWAYS_SEARCH_USER_PATHS = NO;
				CLANG_ANALYZER_NONNULL = YES;
				CLANG_ANALYZER_NUMBER_OBJECT_CONVERSION = YES_AGGRESSIVE;
				CLANG_CXX_LANGUAGE_STANDARD = "gnu++14";
				CLANG_CXX_LIBRARY = "libc++";
				CLANG_ENABLE_MODULES = YES;
				CLANG_ENABLE_OBJC_ARC = YES;
				CLANG_ENABLE_OBJC_WEAK = YES;
				CLANG_WARN_BLOCK_CAPTURE_AUTORELEASING = YES;
				CLANG_WARN_BOOL_CONVERSION = YES;
				CLANG_WARN_COMMA = YES;
				CLANG_WARN_CONSTANT_CONVERSION = YES;
				CLANG_WARN_DEPRECATED_OBJC_IMPLEMENTATIONS = YES;
				CLANG_WARN_DIRECT_OBJC_ISA_USAGE = YES_ERROR;
				CLANG_WARN_DOCUMENTATION_COMMENTS = YES;
				CLANG_WARN_EMPTY_BODY = YES;
				CLANG_WARN_ENUM_CONVERSION = YES;
				CLANG_WARN_INFINITE_RECURSION = YES;
				CLANG_WARN_INT_CONVERSION = YES;
				CLANG_WARN_NON_LITERAL_NULL_CONVERSION = YES;
				CLANG_WARN_OBJC_IMPLICIT_RETAIN_SELF = YES;
				CLANG_WARN_OBJC_LITERAL_CONVERSION = YES;
				CLANG_WARN_OBJC_ROOT_CLASS = YES_ERROR;
				CLANG_WARN_RANGE_LOOP_ANALYSIS = YES;
				CLANG_WARN_STRICT_PROTOTYPES = YES;
				CLANG_WARN_SUSPICIOUS_MOVE = YES;
				CLANG_WARN_UNGUARDED_AVAILABILITY = YES_AGGRESSIVE;
				CLANG_WARN_UNREACHABLE_CODE = YES;
				CLANG_WARN__DUPLICATE_METHOD_MATCH = YES;
				CODE_SIGN_IDENTITY = "iPhone Developer";
				COPY_PHASE_STRIP = NO;
				DEBUG_INFORMATION_FORMAT = "dwarf-with-dsym";
				DEFINES_MODULE = YES;
				ENABLE_NS_ASSERTIONS = NO;
				ENABLE_STRICT_OBJC_MSGSEND = YES;
				GCC_C_LANGUAGE_STANDARD = gnu11;
				GCC_NO_COMMON_BLOCKS = YES;
				GCC_WARN_64_TO_32_BIT_CONVERSION = YES;
				GCC_WARN_ABOUT_RETURN_TYPE = YES_ERROR;
				GCC_WARN_UNDECLARED_SELECTOR = YES;
				GCC_WARN_UNINITIALIZED_AUTOS = YES_AGGRESSIVE;
				GCC_WARN_UNUSED_FUNCTION = YES;
				GCC_WARN_UNUSED_VARIABLE = YES;
				IPHONEOS_DEPLOYMENT_TARGET = 12.1;
				MTL_ENABLE_DEBUG_INFO = NO;
				MTL_FAST_MATH = YES;
				SDKROOT = iphoneos;
				SWIFT_COMPILATION_MODE = wholemodule;
				SWIFT_OPTIMIZATION_LEVEL = "-O";
				VALIDATE_PRODUCT = YES;
			};
			name = Release;
		};
		C7D0032B21C5E3C300B99618 /* Debug */ = {
			isa = XCBuildConfiguration;
			baseConfigurationReference = 67E8044341981196CC7C4B0A /* Pods-Hoppy.debug.xcconfig */;
			buildSettings = {
				ASSETCATALOG_COMPILER_APPICON_NAME = AppIcon;
				CLANG_ENABLE_MODULES = YES;
				CODE_SIGN_STYLE = Automatic;
				DEVELOPMENT_TEAM = K8244XD42E;
				ENABLE_BITCODE = NO;
				INFOPLIST_FILE = Hoppy/Info.plist;
				LD_RUNPATH_SEARCH_PATHS = (
					"$(inherited)",
					"@executable_path/Frameworks",
				);
				PRODUCT_BUNDLE_IDENTIFIER = com.kellyhuberty.Hoppy;
				PRODUCT_NAME = "$(TARGET_NAME)";
				SWIFT_OBJC_BRIDGING_HEADER = "Hoppy/Hoppy-Bridging-Header.h";
				SWIFT_OPTIMIZATION_LEVEL = "-Onone";
				SWIFT_VERSION = 4.2;
				TARGETED_DEVICE_FAMILY = "1,2";
			};
			name = Debug;
		};
		C7D0032C21C5E3C300B99618 /* Release */ = {
			isa = XCBuildConfiguration;
			baseConfigurationReference = 17E1C63D1D53B62F89A76507 /* Pods-Hoppy.release.xcconfig */;
			buildSettings = {
				ASSETCATALOG_COMPILER_APPICON_NAME = AppIcon;
				CLANG_ENABLE_MODULES = YES;
				CODE_SIGN_STYLE = Automatic;
				DEVELOPMENT_TEAM = K8244XD42E;
				ENABLE_BITCODE = NO;
				INFOPLIST_FILE = Hoppy/Info.plist;
				LD_RUNPATH_SEARCH_PATHS = (
					"$(inherited)",
					"@executable_path/Frameworks",
				);
				PRODUCT_BUNDLE_IDENTIFIER = com.kellyhuberty.Hoppy;
				PRODUCT_NAME = "$(TARGET_NAME)";
				SWIFT_OBJC_BRIDGING_HEADER = "Hoppy/Hoppy-Bridging-Header.h";
				SWIFT_VERSION = 4.2;
				TARGETED_DEVICE_FAMILY = "1,2";
			};
			name = Release;
		};
		C7D0032E21C5E3C300B99618 /* Debug */ = {
			isa = XCBuildConfiguration;
			buildSettings = {
				ALWAYS_EMBED_SWIFT_STANDARD_LIBRARIES = YES;
				BUNDLE_LOADER = "$(TEST_HOST)";
				CODE_SIGN_STYLE = Automatic;
				DEVELOPMENT_TEAM = K8244XD42E;
				INFOPLIST_FILE = HoppyTests/Info.plist;
				LD_RUNPATH_SEARCH_PATHS = (
					"$(inherited)",
					"@executable_path/Frameworks",
					"@loader_path/Frameworks",
				);
				PRODUCT_BUNDLE_IDENTIFIER = com.kellyhuberty.HoppyTests;
				PRODUCT_NAME = "$(TARGET_NAME)";
				SWIFT_VERSION = 4.2;
				TARGETED_DEVICE_FAMILY = "1,2";
				TEST_HOST = "$(BUILT_PRODUCTS_DIR)/Hoppy.app/Hoppy";
			};
			name = Debug;
		};
		C7D0032F21C5E3C300B99618 /* Release */ = {
			isa = XCBuildConfiguration;
			buildSettings = {
				ALWAYS_EMBED_SWIFT_STANDARD_LIBRARIES = YES;
				BUNDLE_LOADER = "$(TEST_HOST)";
				CODE_SIGN_STYLE = Automatic;
				DEVELOPMENT_TEAM = K8244XD42E;
				INFOPLIST_FILE = HoppyTests/Info.plist;
				LD_RUNPATH_SEARCH_PATHS = (
					"$(inherited)",
					"@executable_path/Frameworks",
					"@loader_path/Frameworks",
				);
				PRODUCT_BUNDLE_IDENTIFIER = com.kellyhuberty.HoppyTests;
				PRODUCT_NAME = "$(TARGET_NAME)";
				SWIFT_VERSION = 4.2;
				TARGETED_DEVICE_FAMILY = "1,2";
				TEST_HOST = "$(BUILT_PRODUCTS_DIR)/Hoppy.app/Hoppy";
			};
			name = Release;
		};
/* End XCBuildConfiguration section */

/* Begin XCConfigurationList section */
		C7D0030821C5E3C200B99618 /* Build configuration list for PBXProject "Hoppy" */ = {
			isa = XCConfigurationList;
			buildConfigurations = (
				C7D0032821C5E3C300B99618 /* Debug */,
				C7D0032921C5E3C300B99618 /* Release */,
			);
			defaultConfigurationIsVisible = 0;
			defaultConfigurationName = Release;
		};
		C7D0032A21C5E3C300B99618 /* Build configuration list for PBXNativeTarget "Hoppy" */ = {
			isa = XCConfigurationList;
			buildConfigurations = (
				C7D0032B21C5E3C300B99618 /* Debug */,
				C7D0032C21C5E3C300B99618 /* Release */,
			);
			defaultConfigurationIsVisible = 0;
			defaultConfigurationName = Release;
		};
		C7D0032D21C5E3C300B99618 /* Build configuration list for PBXNativeTarget "HoppyTests" */ = {
			isa = XCConfigurationList;
			buildConfigurations = (
				C7D0032E21C5E3C300B99618 /* Debug */,
				C7D0032F21C5E3C300B99618 /* Release */,
			);
			defaultConfigurationIsVisible = 0;
			defaultConfigurationName = Release;
		};
/* End XCConfigurationList section */
	};
	rootObject = C7D0030521C5E3C200B99618 /* Project object */;
}
